
Microsoft Visual Studio Solution File, Format Version 12.00
# Visual Studio Version 17
VisualStudioVersion = 17.1.32407.343
MinimumVisualStudioVersion = 10.0.40219.1
Project("{9A19103F-16F7-4668-BE54-9A1E7A4F7556}") = "CardStorageService", "CardStorageService\CardStorageService.csproj", "{1562CAB4-64EA-4DF1-9CCD-BC1F79983E14}"
EndProject
Project("{9A19103F-16F7-4668-BE54-9A1E7A4F7556}") = "CardStorageService.Data", "CardStorageService.Data\CardStorageService.Data.csproj", "{9C523D30-4646-4E08-A1CE-D2DC45C76B75}"
EndProject
Project("{FAE04EC0-301F-11D3-BF4B-00C04F79EFBC}") = "CardStorageClient", "CardStorageClient\CardStorageClient.csproj", "{E717F5AA-2861-4622-A857-A6167EDEF895}"
EndProject
Global
	GlobalSection(SolutionConfigurationPlatforms) = preSolution
		Debug|Any CPU = Debug|Any CPU
		Release|Any CPU = Release|Any CPU
	EndGlobalSection
	GlobalSection(ProjectConfigurationPlatforms) = postSolution
		{1562CAB4-64EA-4DF1-9CCD-BC1F79983E14}.Debug|Any CPU.ActiveCfg = Debug|Any CPU
		{1562CAB4-64EA-4DF1-9CCD-BC1F79983E14}.Debug|Any CPU.Build.0 = Debug|Any CPU
		{1562CAB4-64EA-4DF1-9CCD-BC1F79983E14}.Release|Any CPU.ActiveCfg = Release|Any CPU
		{1562CAB4-64EA-4DF1-9CCD-BC1F79983E14}.Release|Any CPU.Build.0 = Release|Any CPU
		{9C523D30-4646-4E08-A1CE-D2DC45C76B75}.Debug|Any CPU.ActiveCfg = Debug|Any CPU
		{9C523D30-4646-4E08-A1CE-D2DC45C76B75}.Debug|Any CPU.Build.0 = Debug|Any CPU
		{9C523D30-4646-4E08-A1CE-D2DC45C76B75}.Release|Any CPU.ActiveCfg = Release|Any CPU
		{9C523D30-4646-4E08-A1CE-D2DC45C76B75}.Release|Any CPU.Build.0 = Release|Any CPU
		{E717F5AA-2861-4622-A857-A6167EDEF895}.Debug|Any CPU.ActiveCfg = Debug|Any CPU
		{E717F5AA-2861-4622-A857-A6167EDEF895}.Debug|Any CPU.Build.0 = Debug|Any CPU
		{E717F5AA-2861-4622-A857-A6167EDEF895}.Release|Any CPU.ActiveCfg = Release|Any CPU
		{E717F5AA-2861-4622-A857-A6167EDEF895}.Release|Any CPU.Build.0 = Release|Any CPU
	EndGlobalSection
	GlobalSection(SolutionProperties) = preSolution
		HideSolutionNode = FALSE
	EndGlobalSection
	GlobalSection(ExtensibilityGlobals) = postSolution
		SolutionGuid = {EF2C7E29-0ABD-4F24-B0DB-304F41CF3794}
	EndGlobalSection
EndGlobal
