
Microsoft Visual Studio Solution File, Format Version 12.00
# Visual Studio Version 17
VisualStudioVersion = 17.1.32407.343
MinimumVisualStudioVersion = 10.0.40219.1
Project("{FAE04EC0-301F-11D3-BF4B-00C04F79EFBC}") = "SearchSample", "SearchSample\SearchSample.csproj", "{F00A3FA5-2618-423B-9233-71D6002CCAE3}"
EndProject
Project("{FAE04EC0-301F-11D3-BF4B-00C04F79EFBC}") = "Search.DAL", "Search.DAL\Search.DAL.csproj", "{F40ADC72-0A81-4526-9991-1D924C439C9B}"
EndProject
Global
	GlobalSection(SolutionConfigurationPlatforms) = preSolution
		Debug|Any CPU = Debug|Any CPU
		Release|Any CPU = Release|Any CPU
	EndGlobalSection
	GlobalSection(ProjectConfigurationPlatforms) = postSolution
		{F00A3FA5-2618-423B-9233-71D6002CCAE3}.Debug|Any CPU.ActiveCfg = Debug|Any CPU
		{F00A3FA5-2618-423B-9233-71D6002CCAE3}.Debug|Any CPU.Build.0 = Debug|Any CPU
		{F00A3FA5-2618-423B-9233-71D6002CCAE3}.Release|Any CPU.ActiveCfg = Release|Any CPU
		{F00A3FA5-2618-423B-9233-71D6002CCAE3}.Release|Any CPU.Build.0 = Release|Any CPU
		{F40ADC72-0A81-4526-9991-1D924C439C9B}.Debug|Any CPU.ActiveCfg = Debug|Any CPU
		{F40ADC72-0A81-4526-9991-1D924C439C9B}.Debug|Any CPU.Build.0 = Debug|Any CPU
		{F40ADC72-0A81-4526-9991-1D924C439C9B}.Release|Any CPU.ActiveCfg = Release|Any CPU
		{F40ADC72-0A81-4526-9991-1D924C439C9B}.Release|Any CPU.Build.0 = Release|Any CPU
	EndGlobalSection
	GlobalSection(SolutionProperties) = preSolution
		HideSolutionNode = FALSE
	EndGlobalSection
	GlobalSection(ExtensibilityGlobals) = postSolution
		SolutionGuid = {FD7FB8CE-CA39-4017-9533-99264656F416}
	EndGlobalSection
EndGlobal
